
Microsoft Visual Studio Solution File, Format Version 12.00
# Visual Studio Version 17
VisualStudioVersion = 17.4.33205.214
MinimumVisualStudioVersion = 10.0.40219.1
Project("{FAE04EC0-301F-11D3-BF4B-00C04F79EFBC}") = "CitizenManagementSystemAPI", "CitizenManagementSystemAPI.csproj", "{B6BC8B8E-A7EC-41F7-BB9F-8256156EC82C}"
EndProject
Global
	GlobalSection(SolutionConfigurationPlatforms) = preSolution
		Debug|Any CPU = Debug|Any CPU
		Release|Any CPU = Release|Any CPU
	EndGlobalSection
	GlobalSection(ProjectConfigurationPlatforms) = postSolution
		{B6BC8B8E-A7EC-41F7-BB9F-8256156EC82C}.Debug|Any CPU.ActiveCfg = Debug|Any CPU
		{B6BC8B8E-A7EC-41F7-BB9F-8256156EC82C}.Debug|Any CPU.Build.0 = Debug|Any CPU
		{B6BC8B8E-A7EC-41F7-BB9F-8256156EC82C}.Release|Any CPU.ActiveCfg = Release|Any CPU
		{B6BC8B8E-A7EC-41F7-BB9F-8256156EC82C}.Release|Any CPU.Build.0 = Release|Any CPU
	EndGlobalSection
	GlobalSection(SolutionProperties) = preSolution
		HideSolutionNode = FALSE
	EndGlobalSection
	GlobalSection(ExtensibilityGlobals) = postSolution
		SolutionGuid = {1FB1BB84-FD05-4A51-9733-C851AEBE81D6}
	EndGlobalSection
EndGlobal
